
Microsoft Visual Studio Solution File, Format Version 12.00
# Visual Studio 2012
Project("{FAE04EC0-301F-11D3-BF4B-00C04F79EFBC}") = "NAtomPub.Core", "NAtomPub.Core\NAtomPub.Core.csproj", "{F6B65D75-C87D-461E-B9FD-BD467DF76750}"
EndProject
Project("{FAE04EC0-301F-11D3-BF4B-00C04F79EFBC}") = "NAtomPub.Core.Tests", "NAtomPub.Core.Tests\NAtomPub.Core.Tests.csproj", "{7C56ADB7-4A6F-413F-AADC-17B330BAE1CE}"
EndProject
Global
	GlobalSection(SolutionConfigurationPlatforms) = preSolution
		Debug|Any CPU = Debug|Any CPU
		Release|Any CPU = Release|Any CPU
	EndGlobalSection
	GlobalSection(ProjectConfigurationPlatforms) = postSolution
		{F6B65D75-C87D-461E-B9FD-BD467DF76750}.Debug|Any CPU.ActiveCfg = Debug|Any CPU
		{F6B65D75-C87D-461E-B9FD-BD467DF76750}.Debug|Any CPU.Build.0 = Debug|Any CPU
		{F6B65D75-C87D-461E-B9FD-BD467DF76750}.Release|Any CPU.ActiveCfg = Release|Any CPU
		{F6B65D75-C87D-461E-B9FD-BD467DF76750}.Release|Any CPU.Build.0 = Release|Any CPU
		{7C56ADB7-4A6F-413F-AADC-17B330BAE1CE}.Debug|Any CPU.ActiveCfg = Debug|Any CPU
		{7C56ADB7-4A6F-413F-AADC-17B330BAE1CE}.Debug|Any CPU.Build.0 = Debug|Any CPU
		{7C56ADB7-4A6F-413F-AADC-17B330BAE1CE}.Release|Any CPU.ActiveCfg = Release|Any CPU
		{7C56ADB7-4A6F-413F-AADC-17B330BAE1CE}.Release|Any CPU.Build.0 = Release|Any CPU
	EndGlobalSection
	GlobalSection(SolutionProperties) = preSolution
		HideSolutionNode = FALSE
	EndGlobalSection
EndGlobal
